
Microsoft Visual Studio Solution File, Format Version 12.00
# Visual Studio Version 17
VisualStudioVersion = 17.14.36414.22 d17.14
MinimumVisualStudioVersion = 10.0.40219.1
Project("{FAE04EC0-301F-11D3-BF4B-00C04F79EFBC}") = "Encryptor", "Encryptor\Encryptor.csproj", "{16CAA1A6-11C3-45A0-BB29-BA6C701C0D1B}"
EndProject
Global
	GlobalSection(SolutionConfigurationPlatforms) = preSolution
		Debug|Any CPU = Debug|Any CPU
		Release|Any CPU = Release|Any CPU
	EndGlobalSection
	GlobalSection(ProjectConfigurationPlatforms) = postSolution
		{16CAA1A6-11C3-45A0-BB29-BA6C701C0D1B}.Debug|Any CPU.ActiveCfg = Debug|Any CPU
		{16CAA1A6-11C3-45A0-BB29-BA6C701C0D1B}.Debug|Any CPU.Build.0 = Debug|Any CPU
		{16CAA1A6-11C3-45A0-BB29-BA6C701C0D1B}.Release|Any CPU.ActiveCfg = Release|Any CPU
		{16CAA1A6-11C3-45A0-BB29-BA6C701C0D1B}.Release|Any CPU.Build.0 = Release|Any CPU
	EndGlobalSection
	GlobalSection(SolutionProperties) = preSolution
		HideSolutionNode = FALSE
	EndGlobalSection
	GlobalSection(ExtensibilityGlobals) = postSolution
		SolutionGuid = {15D9E0A3-3CFC-4044-876F-CB6D6D2471C3}
	EndGlobalSection
EndGlobal
